
Microsoft Visual Studio Solution File, Format Version 12.00
# Visual Studio 15
VisualStudioVersion = 15.0.28307.572
MinimumVisualStudioVersion = 10.0.40219.1
Project("{FAE04EC0-301F-11D3-BF4B-00C04F79EFBC}") = "final_with_test", "final_with_test\final_with_test.csproj", "{761BD91B-0A28-485F-A93B-4A8261790618}"
EndProject
Project("{FAE04EC0-301F-11D3-BF4B-00C04F79EFBC}") = "final_with_test.Tests", "final_with_test.Tests\final_with_test.Tests.csproj", "{53CA7FD2-5C93-4848-8F22-6B76741382ED}"
EndProject
Global
	GlobalSection(SolutionConfigurationPlatforms) = preSolution
		Debug|Any CPU = Debug|Any CPU
		Release|Any CPU = Release|Any CPU
	EndGlobalSection
	GlobalSection(ProjectConfigurationPlatforms) = postSolution
		{761BD91B-0A28-485F-A93B-4A8261790618}.Debug|Any CPU.ActiveCfg = Debug|Any CPU
		{761BD91B-0A28-485F-A93B-4A8261790618}.Debug|Any CPU.Build.0 = Debug|Any CPU
		{761BD91B-0A28-485F-A93B-4A8261790618}.Release|Any CPU.ActiveCfg = Release|Any CPU
		{761BD91B-0A28-485F-A93B-4A8261790618}.Release|Any CPU.Build.0 = Release|Any CPU
		{53CA7FD2-5C93-4848-8F22-6B76741382ED}.Debug|Any CPU.ActiveCfg = Debug|Any CPU
		{53CA7FD2-5C93-4848-8F22-6B76741382ED}.Debug|Any CPU.Build.0 = Debug|Any CPU
		{53CA7FD2-5C93-4848-8F22-6B76741382ED}.Release|Any CPU.ActiveCfg = Release|Any CPU
		{53CA7FD2-5C93-4848-8F22-6B76741382ED}.Release|Any CPU.Build.0 = Release|Any CPU
	EndGlobalSection
	GlobalSection(SolutionProperties) = preSolution
		HideSolutionNode = FALSE
	EndGlobalSection
	GlobalSection(ExtensibilityGlobals) = postSolution
		SolutionGuid = {01AF96A2-3154-4341-800B-88C7F09B4B76}
	EndGlobalSection
EndGlobal
